<?xml version="1.0" encoding="UTF-8"?>
<Project ToolsVersion="12.0" xmlns="http://schemas.microsoft.com/developer/msbuild/2003">
  <ItemGroup>
    <ClCompile Include="D:\cppwork\myproj\xunan_admin\entity\brand.cpp">
      <Filter>Source Files</Filter>
    </ClCompile>
    <ClCompile Include="D:\cppwork\myproj\xunan_admin\entity\classification.cpp">
      <Filter>Source Files</Filter>
    </ClCompile>
    <ClCompile Include="D:\cppwork\myproj\xunan_admin\entity\country.cpp">
      <Filter>Source Files</Filter>
    </ClCompile>
    <ClCompile Include="D:\cppwork\myproj\xunan_admin\entity\file.cpp">
      <Filter>Source Files</Filter>
    </ClCompile>
    <ClCompile Include="D:\cppwork\myproj\xunan_admin\entity\good_file.cpp">
      <Filter>Source Files</Filter>
    </ClCompile>
    <ClCompile Include="D:\cppwork\myproj\xunan_admin\entity\goods.cpp">
      <Filter>Source Files</Filter>
    </ClCompile>
    <ClCompile Include="D:\cppwork\myproj\xunan_admin\entity\upload_type.cpp">
      <Filter>Source Files</Filter>
    </ClCompile>
    <ClCompile Include="D:\cppwork\myproj\xunan_admin\entity\venue.cpp">
      <Filter>Source Files</Filter>
    </ClCompile>
  </ItemGroup>
  <ItemGroup>
    <CustomBuild Include="D:\cppwork\myproj\xunan_admin\entity\CMakeLists.txt" />
  </ItemGroup>
  <ItemGroup>
    <Filter Include="Source Files">
      <UniqueIdentifier>{3555F337-A7FA-340B-A0F0-17B9BD5D2FF6}</UniqueIdentifier>
    </Filter>
  </ItemGroup>
</Project>
