<?xml version="1.0" encoding="UTF-8"?>
<Project ToolsVersion="12.0" xmlns="http://schemas.microsoft.com/developer/msbuild/2003">
  <ItemGroup>
    <ClCompile Include="D:\cppwork\myproj\xunan_admin\service\brand_service.cpp">
      <Filter>Source Files</Filter>
    </ClCompile>
    <ClCompile Include="D:\cppwork\myproj\xunan_admin\service\classification_service.cpp">
      <Filter>Source Files</Filter>
    </ClCompile>
    <ClCompile Include="D:\cppwork\myproj\xunan_admin\service\country_service.cpp">
      <Filter>Source Files</Filter>
    </ClCompile>
    <ClCompile Include="D:\cppwork\myproj\xunan_admin\service\file_service.cpp">
      <Filter>Source Files</Filter>
    </ClCompile>
    <ClCompile Include="D:\cppwork\myproj\xunan_admin\service\good_file_service.cpp">
      <Filter>Source Files</Filter>
    </ClCompile>
    <ClCompile Include="D:\cppwork\myproj\xunan_admin\service\good_service.cpp">
      <Filter>Source Files</Filter>
    </ClCompile>
    <ClCompile Include="D:\cppwork\myproj\xunan_admin\service\upload_service.cpp">
      <Filter>Source Files</Filter>
    </ClCompile>
    <ClCompile Include="D:\cppwork\myproj\xunan_admin\service\upload_type_service.cpp">
      <Filter>Source Files</Filter>
    </ClCompile>
    <ClCompile Include="D:\cppwork\myproj\xunan_admin\service\venue_service.cpp">
      <Filter>Source Files</Filter>
    </ClCompile>
  </ItemGroup>
  <ItemGroup>
    <CustomBuild Include="D:\cppwork\myproj\xunan_admin\service\CMakeLists.txt" />
  </ItemGroup>
  <ItemGroup>
    <Filter Include="Source Files">
      <UniqueIdentifier>{3555F337-A7FA-340B-A0F0-17B9BD5D2FF6}</UniqueIdentifier>
    </Filter>
  </ItemGroup>
</Project>
