Microsoft Visual Studio Solution File, Format Version 12.00
# Visual Studio 2013
Project("{8BC9CEB8-8B4A-11D0-8D11-00A0C91BC942}") = "ALL_BUILD", "ALL_BUILD.vcxproj", "{A2790870-9594-3762-B6BD-7113701CC650}"
	ProjectSection(ProjectDependencies) = postProject
		{3B5F6759-5992-31DF-9FB0-D1C66231815C} = {3B5F6759-5992-31DF-9FB0-D1C66231815C}
		{9C36D40A-FBEF-31A8-9311-9570BBB4F219} = {9C36D40A-FBEF-31A8-9311-9570BBB4F219}
	EndProjectSection
EndProject
Project("{8BC9CEB8-8B4A-11D0-8D11-00A0C91BC942}") = "ZERO_CHECK", "ZERO_CHECK.vcxproj", "{3B5F6759-5992-31DF-9FB0-D1C66231815C}"
	ProjectSection(ProjectDependencies) = postProject
	EndProjectSection
EndProject
Project("{8BC9CEB8-8B4A-11D0-8D11-00A0C91BC942}") = "mfcde2", "mfcde2.vcxproj", "{9C36D40A-FBEF-31A8-9311-9570BBB4F219}"
	ProjectSection(ProjectDependencies) = postProject
		{3B5F6759-5992-31DF-9FB0-D1C66231815C} = {3B5F6759-5992-31DF-9FB0-D1C66231815C}
	EndProjectSection
EndProject
Global
	GlobalSection(SolutionConfigurationPlatforms) = preSolution
		Debug|Win32 = Debug|Win32
		Release|Win32 = Release|Win32
		MinSizeRel|Win32 = MinSizeRel|Win32
		RelWithDebInfo|Win32 = RelWithDebInfo|Win32
	EndGlobalSection
	GlobalSection(ProjectConfigurationPlatforms) = postSolution
		{A2790870-9594-3762-B6BD-7113701CC650}.Debug|Win32.ActiveCfg = Debug|Win32
		{A2790870-9594-3762-B6BD-7113701CC650}.Release|Win32.ActiveCfg = Release|Win32
		{A2790870-9594-3762-B6BD-7113701CC650}.MinSizeRel|Win32.ActiveCfg = MinSizeRel|Win32
		{A2790870-9594-3762-B6BD-7113701CC650}.RelWithDebInfo|Win32.ActiveCfg = RelWithDebInfo|Win32
		{3B5F6759-5992-31DF-9FB0-D1C66231815C}.Debug|Win32.ActiveCfg = Debug|Win32
		{3B5F6759-5992-31DF-9FB0-D1C66231815C}.Debug|Win32.Build.0 = Debug|Win32
		{3B5F6759-5992-31DF-9FB0-D1C66231815C}.Release|Win32.ActiveCfg = Release|Win32
		{3B5F6759-5992-31DF-9FB0-D1C66231815C}.Release|Win32.Build.0 = Release|Win32
		{3B5F6759-5992-31DF-9FB0-D1C66231815C}.MinSizeRel|Win32.ActiveCfg = MinSizeRel|Win32
		{3B5F6759-5992-31DF-9FB0-D1C66231815C}.MinSizeRel|Win32.Build.0 = MinSizeRel|Win32
		{3B5F6759-5992-31DF-9FB0-D1C66231815C}.RelWithDebInfo|Win32.ActiveCfg = RelWithDebInfo|Win32
		{3B5F6759-5992-31DF-9FB0-D1C66231815C}.RelWithDebInfo|Win32.Build.0 = RelWithDebInfo|Win32
		{9C36D40A-FBEF-31A8-9311-9570BBB4F219}.Debug|Win32.ActiveCfg = Debug|Win32
		{9C36D40A-FBEF-31A8-9311-9570BBB4F219}.Debug|Win32.Build.0 = Debug|Win32
		{9C36D40A-FBEF-31A8-9311-9570BBB4F219}.Release|Win32.ActiveCfg = Release|Win32
		{9C36D40A-FBEF-31A8-9311-9570BBB4F219}.Release|Win32.Build.0 = Release|Win32
		{9C36D40A-FBEF-31A8-9311-9570BBB4F219}.MinSizeRel|Win32.ActiveCfg = MinSizeRel|Win32
		{9C36D40A-FBEF-31A8-9311-9570BBB4F219}.MinSizeRel|Win32.Build.0 = MinSizeRel|Win32
		{9C36D40A-FBEF-31A8-9311-9570BBB4F219}.RelWithDebInfo|Win32.ActiveCfg = RelWithDebInfo|Win32
		{9C36D40A-FBEF-31A8-9311-9570BBB4F219}.RelWithDebInfo|Win32.Build.0 = RelWithDebInfo|Win32
	EndGlobalSection
	GlobalSection(ExtensibilityGlobals) = postSolution
	EndGlobalSection
	GlobalSection(ExtensibilityAddIns) = postSolution
	EndGlobalSection
EndGlobal
