<?xml version="1.0" encoding="UTF-8"?>
<Project ToolsVersion="12.0" xmlns="http://schemas.microsoft.com/developer/msbuild/2003">
  <ItemGroup>
    <CustomBuild Include="D:\gitup\myproj\CMakeFiles\6e415237a298be0c45edef2e7875f4b2\PACKAGE_force.rule">
      <Filter>CMake Rules</Filter>
    </CustomBuild>
  </ItemGroup>
  <ItemGroup>
    <Filter Include="CMake Rules">
      <UniqueIdentifier>{6483ABC5-3A27-3EA3-96AC-C362C60F54F5}</UniqueIdentifier>
    </Filter>
  </ItemGroup>
</Project>
