Microsoft Visual Studio Solution File, Format Version 12.00
# Visual Studio 2013
Project("{8BC9CEB8-8B4A-11D0-8D11-00A0C91BC942}") = "ALL_BUILD", "ALL_BUILD.vcxproj", "{5C6A151C-E1E6-3F77-8CC0-2CA83FE338A9}"
	ProjectSection(ProjectDependencies) = postProject
		{B69718DA-AFDC-352C-8176-DB3DA894D647} = {B69718DA-AFDC-352C-8176-DB3DA894D647}
		{173F4615-0005-304B-B106-322C142B97A7} = {173F4615-0005-304B-B106-322C142B97A7}
		{0E341BFB-6C9A-36E1-A6AB-9340F627D37F} = {0E341BFB-6C9A-36E1-A6AB-9340F627D37F}
		{9944EEEC-5E9E-3AC3-93BB-95AB17DED6D0} = {9944EEEC-5E9E-3AC3-93BB-95AB17DED6D0}
		{DD907BC1-1ACC-354B-AEEC-29D86CB8CE98} = {DD907BC1-1ACC-354B-AEEC-29D86CB8CE98}
		{9B8A17D4-147C-30D8-BFD3-9DED640DAA2A} = {9B8A17D4-147C-30D8-BFD3-9DED640DAA2A}
		{7CA9DC55-881A-30ED-8B68-60E91B940FB4} = {7CA9DC55-881A-30ED-8B68-60E91B940FB4}
		{0BA8909A-F59A-3AE1-9ADE-D1B97A4A35AA} = {0BA8909A-F59A-3AE1-9ADE-D1B97A4A35AA}
	EndProjectSection
EndProject
Project("{8BC9CEB8-8B4A-11D0-8D11-00A0C91BC942}") = "ZERO_CHECK", "ZERO_CHECK.vcxproj", "{B69718DA-AFDC-352C-8176-DB3DA894D647}"
	ProjectSection(ProjectDependencies) = postProject
	EndProjectSection
EndProject
Project("{8BC9CEB8-8B4A-11D0-8D11-00A0C91BC942}") = "ctrl", "ctrl\ctrl.vcxproj", "{173F4615-0005-304B-B106-322C142B97A7}"
	ProjectSection(ProjectDependencies) = postProject
		{B69718DA-AFDC-352C-8176-DB3DA894D647} = {B69718DA-AFDC-352C-8176-DB3DA894D647}
	EndProjectSection
EndProject
Project("{8BC9CEB8-8B4A-11D0-8D11-00A0C91BC942}") = "dao", "dao\dao.vcxproj", "{0E341BFB-6C9A-36E1-A6AB-9340F627D37F}"
	ProjectSection(ProjectDependencies) = postProject
		{B69718DA-AFDC-352C-8176-DB3DA894D647} = {B69718DA-AFDC-352C-8176-DB3DA894D647}
	EndProjectSection
EndProject
Project("{8BC9CEB8-8B4A-11D0-8D11-00A0C91BC942}") = "dlg", "dlg\dlg.vcxproj", "{9944EEEC-5E9E-3AC3-93BB-95AB17DED6D0}"
	ProjectSection(ProjectDependencies) = postProject
		{B69718DA-AFDC-352C-8176-DB3DA894D647} = {B69718DA-AFDC-352C-8176-DB3DA894D647}
	EndProjectSection
EndProject
Project("{8BC9CEB8-8B4A-11D0-8D11-00A0C91BC942}") = "entity", "entity\entity.vcxproj", "{DD907BC1-1ACC-354B-AEEC-29D86CB8CE98}"
	ProjectSection(ProjectDependencies) = postProject
		{B69718DA-AFDC-352C-8176-DB3DA894D647} = {B69718DA-AFDC-352C-8176-DB3DA894D647}
	EndProjectSection
EndProject
Project("{8BC9CEB8-8B4A-11D0-8D11-00A0C91BC942}") = "service", "service\service.vcxproj", "{9B8A17D4-147C-30D8-BFD3-9DED640DAA2A}"
	ProjectSection(ProjectDependencies) = postProject
		{B69718DA-AFDC-352C-8176-DB3DA894D647} = {B69718DA-AFDC-352C-8176-DB3DA894D647}
	EndProjectSection
EndProject
Project("{8BC9CEB8-8B4A-11D0-8D11-00A0C91BC942}") = "util", "util\util.vcxproj", "{7CA9DC55-881A-30ED-8B68-60E91B940FB4}"
	ProjectSection(ProjectDependencies) = postProject
		{B69718DA-AFDC-352C-8176-DB3DA894D647} = {B69718DA-AFDC-352C-8176-DB3DA894D647}
	EndProjectSection
EndProject
Project("{8BC9CEB8-8B4A-11D0-8D11-00A0C91BC942}") = "xunan_admin", "xunan_admin.vcxproj", "{0BA8909A-F59A-3AE1-9ADE-D1B97A4A35AA}"
	ProjectSection(ProjectDependencies) = postProject
		{B69718DA-AFDC-352C-8176-DB3DA894D647} = {B69718DA-AFDC-352C-8176-DB3DA894D647}
		{173F4615-0005-304B-B106-322C142B97A7} = {173F4615-0005-304B-B106-322C142B97A7}
		{0E341BFB-6C9A-36E1-A6AB-9340F627D37F} = {0E341BFB-6C9A-36E1-A6AB-9340F627D37F}
		{9944EEEC-5E9E-3AC3-93BB-95AB17DED6D0} = {9944EEEC-5E9E-3AC3-93BB-95AB17DED6D0}
		{DD907BC1-1ACC-354B-AEEC-29D86CB8CE98} = {DD907BC1-1ACC-354B-AEEC-29D86CB8CE98}
		{9B8A17D4-147C-30D8-BFD3-9DED640DAA2A} = {9B8A17D4-147C-30D8-BFD3-9DED640DAA2A}
		{7CA9DC55-881A-30ED-8B68-60E91B940FB4} = {7CA9DC55-881A-30ED-8B68-60E91B940FB4}
	EndProjectSection
EndProject
Global
	GlobalSection(SolutionConfigurationPlatforms) = preSolution
		Debug|Win32 = Debug|Win32
		Release|Win32 = Release|Win32
		MinSizeRel|Win32 = MinSizeRel|Win32
		RelWithDebInfo|Win32 = RelWithDebInfo|Win32
	EndGlobalSection
	GlobalSection(ProjectConfigurationPlatforms) = postSolution
		{5C6A151C-E1E6-3F77-8CC0-2CA83FE338A9}.Debug|Win32.ActiveCfg = Debug|Win32
		{5C6A151C-E1E6-3F77-8CC0-2CA83FE338A9}.Release|Win32.ActiveCfg = Release|Win32
		{5C6A151C-E1E6-3F77-8CC0-2CA83FE338A9}.MinSizeRel|Win32.ActiveCfg = MinSizeRel|Win32
		{5C6A151C-E1E6-3F77-8CC0-2CA83FE338A9}.RelWithDebInfo|Win32.ActiveCfg = RelWithDebInfo|Win32
		{B69718DA-AFDC-352C-8176-DB3DA894D647}.Debug|Win32.ActiveCfg = Debug|Win32
		{B69718DA-AFDC-352C-8176-DB3DA894D647}.Debug|Win32.Build.0 = Debug|Win32
		{B69718DA-AFDC-352C-8176-DB3DA894D647}.Release|Win32.ActiveCfg = Release|Win32
		{B69718DA-AFDC-352C-8176-DB3DA894D647}.Release|Win32.Build.0 = Release|Win32
		{B69718DA-AFDC-352C-8176-DB3DA894D647}.MinSizeRel|Win32.ActiveCfg = MinSizeRel|Win32
		{B69718DA-AFDC-352C-8176-DB3DA894D647}.MinSizeRel|Win32.Build.0 = MinSizeRel|Win32
		{B69718DA-AFDC-352C-8176-DB3DA894D647}.RelWithDebInfo|Win32.ActiveCfg = RelWithDebInfo|Win32
		{B69718DA-AFDC-352C-8176-DB3DA894D647}.RelWithDebInfo|Win32.Build.0 = RelWithDebInfo|Win32
		{173F4615-0005-304B-B106-322C142B97A7}.Debug|Win32.ActiveCfg = Debug|Win32
		{173F4615-0005-304B-B106-322C142B97A7}.Debug|Win32.Build.0 = Debug|Win32
		{173F4615-0005-304B-B106-322C142B97A7}.Release|Win32.ActiveCfg = Release|Win32
		{173F4615-0005-304B-B106-322C142B97A7}.Release|Win32.Build.0 = Release|Win32
		{173F4615-0005-304B-B106-322C142B97A7}.MinSizeRel|Win32.ActiveCfg = MinSizeRel|Win32
		{173F4615-0005-304B-B106-322C142B97A7}.MinSizeRel|Win32.Build.0 = MinSizeRel|Win32
		{173F4615-0005-304B-B106-322C142B97A7}.RelWithDebInfo|Win32.ActiveCfg = RelWithDebInfo|Win32
		{173F4615-0005-304B-B106-322C142B97A7}.RelWithDebInfo|Win32.Build.0 = RelWithDebInfo|Win32
		{0E341BFB-6C9A-36E1-A6AB-9340F627D37F}.Debug|Win32.ActiveCfg = Debug|Win32
		{0E341BFB-6C9A-36E1-A6AB-9340F627D37F}.Debug|Win32.Build.0 = Debug|Win32
		{0E341BFB-6C9A-36E1-A6AB-9340F627D37F}.Release|Win32.ActiveCfg = Release|Win32
		{0E341BFB-6C9A-36E1-A6AB-9340F627D37F}.Release|Win32.Build.0 = Release|Win32
		{0E341BFB-6C9A-36E1-A6AB-9340F627D37F}.MinSizeRel|Win32.ActiveCfg = MinSizeRel|Win32
		{0E341BFB-6C9A-36E1-A6AB-9340F627D37F}.MinSizeRel|Win32.Build.0 = MinSizeRel|Win32
		{0E341BFB-6C9A-36E1-A6AB-9340F627D37F}.RelWithDebInfo|Win32.ActiveCfg = RelWithDebInfo|Win32
		{0E341BFB-6C9A-36E1-A6AB-9340F627D37F}.RelWithDebInfo|Win32.Build.0 = RelWithDebInfo|Win32
		{9944EEEC-5E9E-3AC3-93BB-95AB17DED6D0}.Debug|Win32.ActiveCfg = Debug|Win32
		{9944EEEC-5E9E-3AC3-93BB-95AB17DED6D0}.Debug|Win32.Build.0 = Debug|Win32
		{9944EEEC-5E9E-3AC3-93BB-95AB17DED6D0}.Release|Win32.ActiveCfg = Release|Win32
		{9944EEEC-5E9E-3AC3-93BB-95AB17DED6D0}.Release|Win32.Build.0 = Release|Win32
		{9944EEEC-5E9E-3AC3-93BB-95AB17DED6D0}.MinSizeRel|Win32.ActiveCfg = MinSizeRel|Win32
		{9944EEEC-5E9E-3AC3-93BB-95AB17DED6D0}.MinSizeRel|Win32.Build.0 = MinSizeRel|Win32
		{9944EEEC-5E9E-3AC3-93BB-95AB17DED6D0}.RelWithDebInfo|Win32.ActiveCfg = RelWithDebInfo|Win32
		{9944EEEC-5E9E-3AC3-93BB-95AB17DED6D0}.RelWithDebInfo|Win32.Build.0 = RelWithDebInfo|Win32
		{DD907BC1-1ACC-354B-AEEC-29D86CB8CE98}.Debug|Win32.ActiveCfg = Debug|Win32
		{DD907BC1-1ACC-354B-AEEC-29D86CB8CE98}.Debug|Win32.Build.0 = Debug|Win32
		{DD907BC1-1ACC-354B-AEEC-29D86CB8CE98}.Release|Win32.ActiveCfg = Release|Win32
		{DD907BC1-1ACC-354B-AEEC-29D86CB8CE98}.Release|Win32.Build.0 = Release|Win32
		{DD907BC1-1ACC-354B-AEEC-29D86CB8CE98}.MinSizeRel|Win32.ActiveCfg = MinSizeRel|Win32
		{DD907BC1-1ACC-354B-AEEC-29D86CB8CE98}.MinSizeRel|Win32.Build.0 = MinSizeRel|Win32
		{DD907BC1-1ACC-354B-AEEC-29D86CB8CE98}.RelWithDebInfo|Win32.ActiveCfg = RelWithDebInfo|Win32
		{DD907BC1-1ACC-354B-AEEC-29D86CB8CE98}.RelWithDebInfo|Win32.Build.0 = RelWithDebInfo|Win32
		{9B8A17D4-147C-30D8-BFD3-9DED640DAA2A}.Debug|Win32.ActiveCfg = Debug|Win32
		{9B8A17D4-147C-30D8-BFD3-9DED640DAA2A}.Debug|Win32.Build.0 = Debug|Win32
		{9B8A17D4-147C-30D8-BFD3-9DED640DAA2A}.Release|Win32.ActiveCfg = Release|Win32
		{9B8A17D4-147C-30D8-BFD3-9DED640DAA2A}.Release|Win32.Build.0 = Release|Win32
		{9B8A17D4-147C-30D8-BFD3-9DED640DAA2A}.MinSizeRel|Win32.ActiveCfg = MinSizeRel|Win32
		{9B8A17D4-147C-30D8-BFD3-9DED640DAA2A}.MinSizeRel|Win32.Build.0 = MinSizeRel|Win32
		{9B8A17D4-147C-30D8-BFD3-9DED640DAA2A}.RelWithDebInfo|Win32.ActiveCfg = RelWithDebInfo|Win32
		{9B8A17D4-147C-30D8-BFD3-9DED640DAA2A}.RelWithDebInfo|Win32.Build.0 = RelWithDebInfo|Win32
		{7CA9DC55-881A-30ED-8B68-60E91B940FB4}.Debug|Win32.ActiveCfg = Debug|Win32
		{7CA9DC55-881A-30ED-8B68-60E91B940FB4}.Debug|Win32.Build.0 = Debug|Win32
		{7CA9DC55-881A-30ED-8B68-60E91B940FB4}.Release|Win32.ActiveCfg = Release|Win32
		{7CA9DC55-881A-30ED-8B68-60E91B940FB4}.Release|Win32.Build.0 = Release|Win32
		{7CA9DC55-881A-30ED-8B68-60E91B940FB4}.MinSizeRel|Win32.ActiveCfg = MinSizeRel|Win32
		{7CA9DC55-881A-30ED-8B68-60E91B940FB4}.MinSizeRel|Win32.Build.0 = MinSizeRel|Win32
		{7CA9DC55-881A-30ED-8B68-60E91B940FB4}.RelWithDebInfo|Win32.ActiveCfg = RelWithDebInfo|Win32
		{7CA9DC55-881A-30ED-8B68-60E91B940FB4}.RelWithDebInfo|Win32.Build.0 = RelWithDebInfo|Win32
		{0BA8909A-F59A-3AE1-9ADE-D1B97A4A35AA}.Debug|Win32.ActiveCfg = Debug|Win32
		{0BA8909A-F59A-3AE1-9ADE-D1B97A4A35AA}.Debug|Win32.Build.0 = Debug|Win32
		{0BA8909A-F59A-3AE1-9ADE-D1B97A4A35AA}.Release|Win32.ActiveCfg = Release|Win32
		{0BA8909A-F59A-3AE1-9ADE-D1B97A4A35AA}.Release|Win32.Build.0 = Release|Win32
		{0BA8909A-F59A-3AE1-9ADE-D1B97A4A35AA}.MinSizeRel|Win32.ActiveCfg = MinSizeRel|Win32
		{0BA8909A-F59A-3AE1-9ADE-D1B97A4A35AA}.MinSizeRel|Win32.Build.0 = MinSizeRel|Win32
		{0BA8909A-F59A-3AE1-9ADE-D1B97A4A35AA}.RelWithDebInfo|Win32.ActiveCfg = RelWithDebInfo|Win32
		{0BA8909A-F59A-3AE1-9ADE-D1B97A4A35AA}.RelWithDebInfo|Win32.Build.0 = RelWithDebInfo|Win32
	EndGlobalSection
	GlobalSection(ExtensibilityGlobals) = postSolution
	EndGlobalSection
	GlobalSection(ExtensibilityAddIns) = postSolution
	EndGlobalSection
EndGlobal
