Microsoft Visual Studio Solution File, Format Version 12.00
# Visual Studio 2013
Project("{8BC9CEB8-8B4A-11D0-8D11-00A0C91BC942}") = "ALL_BUILD", "ALL_BUILD.vcxproj", "{840ABB78-9911-3B6D-B6AA-B9EEB4A0D26E}"
	ProjectSection(ProjectDependencies) = postProject
		{4AD06D60-B74B-37D9-8AC1-484D667EF581} = {4AD06D60-B74B-37D9-8AC1-484D667EF581}
		{2ACCF160-12F2-328F-93B2-12F62E3EF4A3} = {2ACCF160-12F2-328F-93B2-12F62E3EF4A3}
	EndProjectSection
EndProject
Project("{8BC9CEB8-8B4A-11D0-8D11-00A0C91BC942}") = "ZERO_CHECK", "ZERO_CHECK.vcxproj", "{4AD06D60-B74B-37D9-8AC1-484D667EF581}"
	ProjectSection(ProjectDependencies) = postProject
	EndProjectSection
EndProject
Project("{8BC9CEB8-8B4A-11D0-8D11-00A0C91BC942}") = "mfcd", "mfcd.vcxproj", "{2ACCF160-12F2-328F-93B2-12F62E3EF4A3}"
	ProjectSection(ProjectDependencies) = postProject
		{4AD06D60-B74B-37D9-8AC1-484D667EF581} = {4AD06D60-B74B-37D9-8AC1-484D667EF581}
	EndProjectSection
EndProject
Global
	GlobalSection(SolutionConfigurationPlatforms) = preSolution
		Debug|Win32 = Debug|Win32
		Release|Win32 = Release|Win32
		MinSizeRel|Win32 = MinSizeRel|Win32
		RelWithDebInfo|Win32 = RelWithDebInfo|Win32
	EndGlobalSection
	GlobalSection(ProjectConfigurationPlatforms) = postSolution
		{840ABB78-9911-3B6D-B6AA-B9EEB4A0D26E}.Debug|Win32.ActiveCfg = Debug|Win32
		{840ABB78-9911-3B6D-B6AA-B9EEB4A0D26E}.Release|Win32.ActiveCfg = Release|Win32
		{840ABB78-9911-3B6D-B6AA-B9EEB4A0D26E}.MinSizeRel|Win32.ActiveCfg = MinSizeRel|Win32
		{840ABB78-9911-3B6D-B6AA-B9EEB4A0D26E}.RelWithDebInfo|Win32.ActiveCfg = RelWithDebInfo|Win32
		{4AD06D60-B74B-37D9-8AC1-484D667EF581}.Debug|Win32.ActiveCfg = Debug|Win32
		{4AD06D60-B74B-37D9-8AC1-484D667EF581}.Debug|Win32.Build.0 = Debug|Win32
		{4AD06D60-B74B-37D9-8AC1-484D667EF581}.Release|Win32.ActiveCfg = Release|Win32
		{4AD06D60-B74B-37D9-8AC1-484D667EF581}.Release|Win32.Build.0 = Release|Win32
		{4AD06D60-B74B-37D9-8AC1-484D667EF581}.MinSizeRel|Win32.ActiveCfg = MinSizeRel|Win32
		{4AD06D60-B74B-37D9-8AC1-484D667EF581}.MinSizeRel|Win32.Build.0 = MinSizeRel|Win32
		{4AD06D60-B74B-37D9-8AC1-484D667EF581}.RelWithDebInfo|Win32.ActiveCfg = RelWithDebInfo|Win32
		{4AD06D60-B74B-37D9-8AC1-484D667EF581}.RelWithDebInfo|Win32.Build.0 = RelWithDebInfo|Win32
		{2ACCF160-12F2-328F-93B2-12F62E3EF4A3}.Debug|Win32.ActiveCfg = Debug|Win32
		{2ACCF160-12F2-328F-93B2-12F62E3EF4A3}.Debug|Win32.Build.0 = Debug|Win32
		{2ACCF160-12F2-328F-93B2-12F62E3EF4A3}.Release|Win32.ActiveCfg = Release|Win32
		{2ACCF160-12F2-328F-93B2-12F62E3EF4A3}.Release|Win32.Build.0 = Release|Win32
		{2ACCF160-12F2-328F-93B2-12F62E3EF4A3}.MinSizeRel|Win32.ActiveCfg = MinSizeRel|Win32
		{2ACCF160-12F2-328F-93B2-12F62E3EF4A3}.MinSizeRel|Win32.Build.0 = MinSizeRel|Win32
		{2ACCF160-12F2-328F-93B2-12F62E3EF4A3}.RelWithDebInfo|Win32.ActiveCfg = RelWithDebInfo|Win32
		{2ACCF160-12F2-328F-93B2-12F62E3EF4A3}.RelWithDebInfo|Win32.Build.0 = RelWithDebInfo|Win32
	EndGlobalSection
	GlobalSection(ExtensibilityGlobals) = postSolution
	EndGlobalSection
	GlobalSection(ExtensibilityAddIns) = postSolution
	EndGlobalSection
EndGlobal
